
Microsoft Visual Studio Solution File, Format Version 12.00
# Visual Studio Version 17
VisualStudioVersion = 17.3.32804.467
MinimumVisualStudioVersion = 10.0.40219.1
Project("{FAE04EC0-301F-11D3-BF4B-00C04F79EFBC}") = "Employee Manager", "Employee Manager.csproj", "{F2D41014-3B81-4D65-9C1E-1B092A6B0219}"
EndProject
Global
	GlobalSection(SolutionConfigurationPlatforms) = preSolution
		Debug|Any CPU = Debug|Any CPU
		Release|Any CPU = Release|Any CPU
	EndGlobalSection
	GlobalSection(ProjectConfigurationPlatforms) = postSolution
		{F2D41014-3B81-4D65-9C1E-1B092A6B0219}.Debug|Any CPU.ActiveCfg = Debug|Any CPU
		{F2D41014-3B81-4D65-9C1E-1B092A6B0219}.Debug|Any CPU.Build.0 = Debug|Any CPU
		{F2D41014-3B81-4D65-9C1E-1B092A6B0219}.Release|Any CPU.ActiveCfg = Release|Any CPU
		{F2D41014-3B81-4D65-9C1E-1B092A6B0219}.Release|Any CPU.Build.0 = Release|Any CPU
	EndGlobalSection
	GlobalSection(SolutionProperties) = preSolution
		HideSolutionNode = FALSE
	EndGlobalSection
	GlobalSection(ExtensibilityGlobals) = postSolution
		SolutionGuid = {93A40AFD-44DF-4156-AF02-C38DAB971710}
	EndGlobalSection
EndGlobal
