
Microsoft Visual Studio Solution File, Format Version 12.00
# Visual Studio Version 17
VisualStudioVersion = 17.2.32630.192
MinimumVisualStudioVersion = 10.0.40219.1
Project("{FAE04EC0-301F-11D3-BF4B-00C04F79EFBC}") = "JwtWebApi", "JwtWebApi\JwtWebApi.csproj", "{180A9558-ACBD-4C4E-B06E-04F939321962}"
EndProject
Global
	GlobalSection(SolutionConfigurationPlatforms) = preSolution
		Debug|Any CPU = Debug|Any CPU
		Release|Any CPU = Release|Any CPU
	EndGlobalSection
	GlobalSection(ProjectConfigurationPlatforms) = postSolution
		{180A9558-ACBD-4C4E-B06E-04F939321962}.Debug|Any CPU.ActiveCfg = Debug|Any CPU
		{180A9558-ACBD-4C4E-B06E-04F939321962}.Debug|Any CPU.Build.0 = Debug|Any CPU
		{180A9558-ACBD-4C4E-B06E-04F939321962}.Release|Any CPU.ActiveCfg = Release|Any CPU
		{180A9558-ACBD-4C4E-B06E-04F939321962}.Release|Any CPU.Build.0 = Release|Any CPU
	EndGlobalSection
	GlobalSection(SolutionProperties) = preSolution
		HideSolutionNode = FALSE
	EndGlobalSection
	GlobalSection(ExtensibilityGlobals) = postSolution
		SolutionGuid = {29EE9E83-EA80-4863-BE26-136019463F12}
	EndGlobalSection
EndGlobal
