
Microsoft Visual Studio Solution File, Format Version 12.00
# Visual Studio Version 16
VisualStudioVersion = 16.0.32413.511
MinimumVisualStudioVersion = 10.0.40219.1
Project("{FAE04EC0-301F-11D3-BF4B-00C04F79EFBC}") = "Basic Declarations and Expressions", "Basic Declarations and Expressions.csproj", "{5757B74B-4763-4343-B170-1BFCE2D0AE74}"
EndProject
Global
	GlobalSection(SolutionConfigurationPlatforms) = preSolution
		Debug|Any CPU = Debug|Any CPU
		Release|Any CPU = Release|Any CPU
	EndGlobalSection
	GlobalSection(ProjectConfigurationPlatforms) = postSolution
		{5757B74B-4763-4343-B170-1BFCE2D0AE74}.Debug|Any CPU.ActiveCfg = Debug|Any CPU
		{5757B74B-4763-4343-B170-1BFCE2D0AE74}.Debug|Any CPU.Build.0 = Debug|Any CPU
		{5757B74B-4763-4343-B170-1BFCE2D0AE74}.Release|Any CPU.ActiveCfg = Release|Any CPU
		{5757B74B-4763-4343-B170-1BFCE2D0AE74}.Release|Any CPU.Build.0 = Release|Any CPU
	EndGlobalSection
	GlobalSection(SolutionProperties) = preSolution
		HideSolutionNode = FALSE
	EndGlobalSection
	GlobalSection(ExtensibilityGlobals) = postSolution
		SolutionGuid = {EE2F4B57-D239-47D1-8A15-4CBD0B06DBA8}
	EndGlobalSection
EndGlobal
