
Microsoft Visual Studio Solution File, Format Version 12.00
# Visual Studio Version 16
VisualStudioVersion = 16.0.32413.511
MinimumVisualStudioVersion = 10.0.40219.1
Project("{FAE04EC0-301F-11D3-BF4B-00C04F79EFBC}") = "OnlineShop", "OnlineShop.csproj", "{EE17ED62-36FF-4C52-9AEF-80252EEEAF9A}"
EndProject
Global
	GlobalSection(SolutionConfigurationPlatforms) = preSolution
		Debug|Any CPU = Debug|Any CPU
		Release|Any CPU = Release|Any CPU
	EndGlobalSection
	GlobalSection(ProjectConfigurationPlatforms) = postSolution
		{EE17ED62-36FF-4C52-9AEF-80252EEEAF9A}.Debug|Any CPU.ActiveCfg = Debug|Any CPU
		{EE17ED62-36FF-4C52-9AEF-80252EEEAF9A}.Debug|Any CPU.Build.0 = Debug|Any CPU
		{EE17ED62-36FF-4C52-9AEF-80252EEEAF9A}.Release|Any CPU.ActiveCfg = Release|Any CPU
		{EE17ED62-36FF-4C52-9AEF-80252EEEAF9A}.Release|Any CPU.Build.0 = Release|Any CPU
	EndGlobalSection
	GlobalSection(SolutionProperties) = preSolution
		HideSolutionNode = FALSE
	EndGlobalSection
	GlobalSection(ExtensibilityGlobals) = postSolution
		SolutionGuid = {ED4DDC67-177B-497E-BABD-5A165EBEC470}
	EndGlobalSection
EndGlobal
